
Microsoft Visual Studio Solution File, Format Version 12.00
# Visual Studio Version 16
VisualStudioVersion = 16.0.32510.428
MinimumVisualStudioVersion = 10.0.40219.1
Project("{FAE04EC0-301F-11D3-BF4B-00C04F79EFBC}") = "TestWebAPI", "TestWebAPI\TestWebAPI.csproj", "{4CECB1D2-CB42-43FB-BBD9-C09E59EF29D0}"
EndProject
Global
	GlobalSection(SolutionConfigurationPlatforms) = preSolution
		Debug|Any CPU = Debug|Any CPU
		Release|Any CPU = Release|Any CPU
	EndGlobalSection
	GlobalSection(ProjectConfigurationPlatforms) = postSolution
		{4CECB1D2-CB42-43FB-BBD9-C09E59EF29D0}.Debug|Any CPU.ActiveCfg = Debug|Any CPU
		{4CECB1D2-CB42-43FB-BBD9-C09E59EF29D0}.Debug|Any CPU.Build.0 = Debug|Any CPU
		{4CECB1D2-CB42-43FB-BBD9-C09E59EF29D0}.Release|Any CPU.ActiveCfg = Release|Any CPU
		{4CECB1D2-CB42-43FB-BBD9-C09E59EF29D0}.Release|Any CPU.Build.0 = Release|Any CPU
	EndGlobalSection
	GlobalSection(SolutionProperties) = preSolution
		HideSolutionNode = FALSE
	EndGlobalSection
	GlobalSection(ExtensibilityGlobals) = postSolution
		SolutionGuid = {9C123F3A-4B66-4162-A957-F02A3B2608F8}
	EndGlobalSection
EndGlobal
